
Microsoft Visual Studio Solution File, Format Version 12.00
Project("{FAE04EC0-301F-11D3-BF4B-00C04F79EFBC}") = "SLAR", "SLAR\SLAR.csproj", "{B8D9C419-A244-4441-9A65-8A8FD78B3023}"
EndProject
Global
	GlobalSection(SolutionConfigurationPlatforms) = preSolution
		Debug|Any CPU = Debug|Any CPU
		Release|Any CPU = Release|Any CPU
	EndGlobalSection
	GlobalSection(ProjectConfigurationPlatforms) = postSolution
		{B8D9C419-A244-4441-9A65-8A8FD78B3023}.Debug|Any CPU.ActiveCfg = Debug|Any CPU
		{B8D9C419-A244-4441-9A65-8A8FD78B3023}.Debug|Any CPU.Build.0 = Debug|Any CPU
		{B8D9C419-A244-4441-9A65-8A8FD78B3023}.Release|Any CPU.ActiveCfg = Release|Any CPU
		{B8D9C419-A244-4441-9A65-8A8FD78B3023}.Release|Any CPU.Build.0 = Release|Any CPU
	EndGlobalSection
EndGlobal
